// !$*UTF8*$!
{
	archiveVersion = 1;
	classes = {
	};
	objectVersion = 56;
	objects = {

/* Begin PBXBuildFile section */
		45074EE729E866590096C82A /* Comment.swift in Sources */ = {isa = PBXBuildFile; fileRef = 45074EE629E866590096C82A /* Comment.swift */; };
		45074EE929E8681C0096C82A /* CommentRow.swift in Sources */ = {isa = PBXBuildFile; fileRef = 45074EE829E8681C0096C82A /* CommentRow.swift */; };
		45074EEB29E8699B0096C82A /* CommentView.swift in Sources */ = {isa = PBXBuildFile; fileRef = 45074EEA29E8699B0096C82A /* CommentView.swift */; };
		451C33F42A0168A500259B86 /* gradientOptions.swift in Sources */ = {isa = PBXBuildFile; fileRef = 451C33F32A0168A500259B86 /* gradientOptions.swift */; };
		451C33F62A01691B00259B86 /* SettingsViewModel.swift in Sources */ = {isa = PBXBuildFile; fileRef = 451C33F52A01691B00259B86 /* SettingsViewModel.swift */; };
		451C33FA2A0175FD00259B86 /* MainAppView.swift in Sources */ = {isa = PBXBuildFile; fileRef = 451C33F92A0175FD00259B86 /* MainAppView.swift */; };
		451C33FC2A0190F200259B86 /* ChangePasswordView.swift in Sources */ = {isa = PBXBuildFile; fileRef = 451C33FB2A0190F200259B86 /* ChangePasswordView.swift */; };
		452430FA29DAA0E40000B5AB /* SearchBar.swift in Sources */ = {isa = PBXBuildFile; fileRef = 452430F929DAA0E40000B5AB /* SearchBar.swift */; };
		4525CFC429DB407E005C0CE8 /* KobraPicker.swift in Sources */ = {isa = PBXBuildFile; fileRef = 4525CFC329DB407E005C0CE8 /* KobraPicker.swift */; };
		4527837929D8AB3D00B633FB /* FSPostManager.swift in Sources */ = {isa = PBXBuildFile; fileRef = 4527837829D8AB3D00B633FB /* FSPostManager.swift */; };
		4527837B29D8B2FB00B633FB /* PostRow.swift in Sources */ = {isa = PBXBuildFile; fileRef = 4527837A29D8B2FB00B633FB /* PostRow.swift */; };
		4527837D29D8B56D00B633FB /* CreatePostView.swift in Sources */ = {isa = PBXBuildFile; fileRef = 4527837C29D8B56D00B633FB /* CreatePostView.swift */; };
		4528556229B1AED800F088CD /* AuthenticationViewModel.swift in Sources */ = {isa = PBXBuildFile; fileRef = 4528556129B1AED800F088CD /* AuthenticationViewModel.swift */; };
		452CB79A2A030BDE001D8195 /* CustomButton.swift in Sources */ = {isa = PBXBuildFile; fileRef = 452CB7992A030BDE001D8195 /* CustomButton.swift */; };
		452CB79C2A03F7FF001D8195 /* AccountPostRow.swift in Sources */ = {isa = PBXBuildFile; fileRef = 452CB79B2A03F7FF001D8195 /* AccountPostRow.swift */; };
		453314062A23245800DEE73E /* CreateFoodView.swift in Sources */ = {isa = PBXBuildFile; fileRef = 453314052A23245800DEE73E /* CreateFoodView.swift */; };
		4543FE6129DB4A0C003B3CCC /* CustomTextFieldUI.swift in Sources */ = {isa = PBXBuildFile; fileRef = 4543FE6029DB4A0C003B3CCC /* CustomTextFieldUI.swift */; };
		4543FE6329DB4A24003B3CCC /* CustomTextField.swift in Sources */ = {isa = PBXBuildFile; fileRef = 4543FE6229DB4A24003B3CCC /* CustomTextField.swift */; };
		455B2B242A317E0800136D6D /* AccountSearchBar.swift in Sources */ = {isa = PBXBuildFile; fileRef = 455B2B232A317E0800136D6D /* AccountSearchBar.swift */; };
		455C6E5729D7E72600446520 /* KobraViewModel.swift in Sources */ = {isa = PBXBuildFile; fileRef = 455C6E5629D7E72600446520 /* KobraViewModel.swift */; };
		455C6E5929D7E9B700446520 /* Post.swift in Sources */ = {isa = PBXBuildFile; fileRef = 455C6E5829D7E9B700446520 /* Post.swift */; };
		456429EF29FAFB1D00BC5D8F /* FSChatManager.swift in Sources */ = {isa = PBXBuildFile; fileRef = 456429EE29FAFB1D00BC5D8F /* FSChatManager.swift */; };
		457D1F5129DF4D9B00EF722D /* ImagePicker.swift in Sources */ = {isa = PBXBuildFile; fileRef = 457D1F5029DF4D9B00EF722D /* ImagePicker.swift */; };
		457EFD3929F8AECB006F53F2 /* DropDownMenu.swift in Sources */ = {isa = PBXBuildFile; fileRef = 457EFD3829F8AECB006F53F2 /* DropDownMenu.swift */; };
		45895C092A1B25CB0022DF98 /* Food.swift in Sources */ = {isa = PBXBuildFile; fileRef = 45895C082A1B25CB0022DF98 /* Food.swift */; };
		45895C0B2A1B27300022DF98 /* FoodRow.swift in Sources */ = {isa = PBXBuildFile; fileRef = 45895C0A2A1B272F0022DF98 /* FoodRow.swift */; };
		459014482A2E2A6F00A778A6 /* AccountCell.swift in Sources */ = {isa = PBXBuildFile; fileRef = 459014472A2E2A6F00A778A6 /* AccountCell.swift */; };
		4590144A2A2E2C0100A778A6 /* AccountProfileView.swift in Sources */ = {isa = PBXBuildFile; fileRef = 459014492A2E2C0100A778A6 /* AccountProfileView.swift */; };
		459180FE29AECC63000FB066 /* FirebaseAuth in Frameworks */ = {isa = PBXBuildFile; productRef = 459180FD29AECC63000FB066 /* FirebaseAuth */; };
		4591810029AECC63000FB066 /* FirebaseFirestore in Frameworks */ = {isa = PBXBuildFile; productRef = 459180FF29AECC63000FB066 /* FirebaseFirestore */; };
		4591810229AECFD3000FB066 /* GoogleService-Info.plist in Resources */ = {isa = PBXBuildFile; fileRef = 4591810129AECFD3000FB066 /* GoogleService-Info.plist */; };
		459246B22A2FE0FD00D564AE /* AccountProfileViewModel.swift in Sources */ = {isa = PBXBuildFile; fileRef = 459246B12A2FE0FD00D564AE /* AccountProfileViewModel.swift */; };
		4592E55B29BD35E900FF76E2 /* ChatView.swift in Sources */ = {isa = PBXBuildFile; fileRef = 4592E55A29BD35E900FF76E2 /* ChatView.swift */; };
		4592E55D29BD361200FF76E2 /* ChatViewModel.swift in Sources */ = {isa = PBXBuildFile; fileRef = 4592E55C29BD361200FF76E2 /* ChatViewModel.swift */; };
		4594203F29AEEFF400A100F1 /* HomePageView.swift in Sources */ = {isa = PBXBuildFile; fileRef = 4594203E29AEEFF400A100F1 /* HomePageView.swift */; };
		4594204129AEF00500A100F1 /* HomePageViewModel.swift in Sources */ = {isa = PBXBuildFile; fileRef = 4594204029AEF00500A100F1 /* HomePageViewModel.swift */; };
		459B43782A169BAE0029D90B /* DiscoverView.swift in Sources */ = {isa = PBXBuildFile; fileRef = 459B43772A169BAE0029D90B /* DiscoverView.swift */; };
		459B437A2A169BC20029D90B /* DiscoverViewModel.swift in Sources */ = {isa = PBXBuildFile; fileRef = 459B43792A169BC20029D90B /* DiscoverViewModel.swift */; };
		459B437C2A16C2750029D90B /* GradientDropDownMenu.swift in Sources */ = {isa = PBXBuildFile; fileRef = 459B437B2A16C2750029D90B /* GradientDropDownMenu.swift */; };
		459B438B2A16DD9A0029D90B /* Localizable.strings in Resources */ = {isa = PBXBuildFile; fileRef = 459B438D2A16DD9A0029D90B /* Localizable.strings */; };
		459BE6042A18032100625E53 /* FoodViewModel.swift in Sources */ = {isa = PBXBuildFile; fileRef = 459BE6032A18032100625E53 /* FoodViewModel.swift */; };
		459BE6062A18033300625E53 /* FoodView.swift in Sources */ = {isa = PBXBuildFile; fileRef = 459BE6052A18033300625E53 /* FoodView.swift */; };
		459BE6082A180F7600625E53 /* FSFoodManager.swift in Sources */ = {isa = PBXBuildFile; fileRef = 459BE6072A180F7600625E53 /* FSFoodManager.swift */; };
		45A908CB29B037FE00792FC2 /* FSAccountManager.swift in Sources */ = {isa = PBXBuildFile; fileRef = 45A908CA29B037FE00792FC2 /* FSAccountManager.swift */; };
		45A908CD29B0386400792FC2 /* Package.swift in Sources */ = {isa = PBXBuildFile; fileRef = 45A908CC29B0386400792FC2 /* Package.swift */; };
		45AD933F29B130E900D153AF /* AccountViewModel.swift in Sources */ = {isa = PBXBuildFile; fileRef = 45AD933E29B130E900D153AF /* AccountViewModel.swift */; };
		45AD934129B130F600D153AF /* AccountView.swift in Sources */ = {isa = PBXBuildFile; fileRef = 45AD934029B130F600D153AF /* AccountView.swift */; };
		45AD934329B1AAB800D153AF /* AuthenticationView.swift in Sources */ = {isa = PBXBuildFile; fileRef = 45AD934229B1AAB800D153AF /* AuthenticationView.swift */; };
		45C7171C29C63ABE00679626 /* ChatMessage.swift in Sources */ = {isa = PBXBuildFile; fileRef = 45C7171B29C63ABE00679626 /* ChatMessage.swift */; };
		45C7171E29C63AF700679626 /* InboxViewModel.swift in Sources */ = {isa = PBXBuildFile; fileRef = 45C7171D29C63AF700679626 /* InboxViewModel.swift */; };
		45C7172029C63B0E00679626 /* InboxView.swift in Sources */ = {isa = PBXBuildFile; fileRef = 45C7171F29C63B0E00679626 /* InboxView.swift */; };
		45C7172229C654DC00679626 /* FSInboxManager.swift in Sources */ = {isa = PBXBuildFile; fileRef = 45C7172129C654DC00679626 /* FSInboxManager.swift */; };
		45CAAA2429DA7EF500BBD9FE /* SwipeableTabView.swift in Sources */ = {isa = PBXBuildFile; fileRef = 45CAAA2329DA7EF500BBD9FE /* SwipeableTabView.swift */; };
		45CFE93629C04EF6003806D5 /* Chat.swift in Sources */ = {isa = PBXBuildFile; fileRef = 45CFE93529C04EF6003806D5 /* Chat.swift */; };
		45D5110329D0AB9100290720 /* SettingsView.swift in Sources */ = {isa = PBXBuildFile; fileRef = 45D5110229D0AB9100290720 /* SettingsView.swift */; };
		45D5110529D0ABAF00290720 /* KobraView.swift in Sources */ = {isa = PBXBuildFile; fileRef = 45D5110429D0ABAF00290720 /* KobraView.swift */; };
		45E5ABDB299D8AC300DFFDC8 /* KobraApp.swift in Sources */ = {isa = PBXBuildFile; fileRef = 45E5ABDA299D8AC300DFFDC8 /* KobraApp.swift */; };
		45E5ABDF299D8AC500DFFDC8 /* Assets.xcassets in Resources */ = {isa = PBXBuildFile; fileRef = 45E5ABDE299D8AC500DFFDC8 /* Assets.xcassets */; };
		45E5ABE2299D8AC500DFFDC8 /* Preview Assets.xcassets in Resources */ = {isa = PBXBuildFile; fileRef = 45E5ABE1299D8AC500DFFDC8 /* Preview Assets.xcassets */; };
		45EA727F29B7B74C000FD738 /* PackageView.swift in Sources */ = {isa = PBXBuildFile; fileRef = 45EA727E29B7B74C000FD738 /* PackageView.swift */; };
		45EA728129B7BA5B000FD738 /* Account.swift in Sources */ = {isa = PBXBuildFile; fileRef = 45EA728029B7BA5B000FD738 /* Account.swift */; };
		45EC904C29B8217100E0A3A3 /* StorageManager.swift in Sources */ = {isa = PBXBuildFile; fileRef = 45EC904B29B8217100E0A3A3 /* StorageManager.swift */; };
		45EC904E29B826E800E0A3A3 /* FirebaseStorage in Frameworks */ = {isa = PBXBuildFile; productRef = 45EC904D29B826E800E0A3A3 /* FirebaseStorage */; };
		45EC905029B8360F00E0A3A3 /* PackageViewModel.swift in Sources */ = {isa = PBXBuildFile; fileRef = 45EC904F29B8360F00E0A3A3 /* PackageViewModel.swift */; };
		45EC905229B846BD00E0A3A3 /* FirebaseFirestoreSwift in Frameworks */ = {isa = PBXBuildFile; productRef = 45EC905129B846BD00E0A3A3 /* FirebaseFirestoreSwift */; };
		45EC905429B8475900E0A3A3 /* PackageWithImage.swift in Sources */ = {isa = PBXBuildFile; fileRef = 45EC905329B8475900E0A3A3 /* PackageWithImage.swift */; };
/* End PBXBuildFile section */

/* Begin PBXFileReference section */
		282C022F31C00540FC0513A8 /* Pods-Kobra.debug.xcconfig */ = {isa = PBXFileReference; includeInIndex = 1; lastKnownFileType = text.xcconfig; name = "Pods-Kobra.debug.xcconfig"; path = "Target Support Files/Pods-Kobra/Pods-Kobra.debug.xcconfig"; sourceTree = "<group>"; };
		4416BB8B9604E5EFA9033790 /* Pods-Kobra.release.xcconfig */ = {isa = PBXFileReference; includeInIndex = 1; lastKnownFileType = text.xcconfig; name = "Pods-Kobra.release.xcconfig"; path = "Target Support Files/Pods-Kobra/Pods-Kobra.release.xcconfig"; sourceTree = "<group>"; };
		45074EE629E866590096C82A /* Comment.swift */ = {isa = PBXFileReference; lastKnownFileType = sourcecode.swift; path = Comment.swift; sourceTree = "<group>"; };
		45074EE829E8681C0096C82A /* CommentRow.swift */ = {isa = PBXFileReference; lastKnownFileType = sourcecode.swift; path = CommentRow.swift; sourceTree = "<group>"; };
		45074EEA29E8699B0096C82A /* CommentView.swift */ = {isa = PBXFileReference; lastKnownFileType = sourcecode.swift; path = CommentView.swift; sourceTree = "<group>"; };
		451C33F32A0168A500259B86 /* gradientOptions.swift */ = {isa = PBXFileReference; lastKnownFileType = sourcecode.swift; path = gradientOptions.swift; sourceTree = "<group>"; };
		451C33F52A01691B00259B86 /* SettingsViewModel.swift */ = {isa = PBXFileReference; lastKnownFileType = sourcecode.swift; path = SettingsViewModel.swift; sourceTree = "<group>"; };
		451C33F92A0175FD00259B86 /* MainAppView.swift */ = {isa = PBXFileReference; lastKnownFileType = sourcecode.swift; path = MainAppView.swift; sourceTree = "<group>"; };
		451C33FB2A0190F200259B86 /* ChangePasswordView.swift */ = {isa = PBXFileReference; lastKnownFileType = sourcecode.swift; path = ChangePasswordView.swift; sourceTree = "<group>"; };
		452430F929DAA0E40000B5AB /* SearchBar.swift */ = {isa = PBXFileReference; lastKnownFileType = sourcecode.swift; path = SearchBar.swift; sourceTree = "<group>"; };
		4525CFC329DB407E005C0CE8 /* KobraPicker.swift */ = {isa = PBXFileReference; lastKnownFileType = sourcecode.swift; path = KobraPicker.swift; sourceTree = "<group>"; };
		4527837829D8AB3D00B633FB /* FSPostManager.swift */ = {isa = PBXFileReference; lastKnownFileType = sourcecode.swift; path = FSPostManager.swift; sourceTree = "<group>"; };
		4527837A29D8B2FB00B633FB /* PostRow.swift */ = {isa = PBXFileReference; lastKnownFileType = sourcecode.swift; path = PostRow.swift; sourceTree = "<group>"; };
		4527837C29D8B56D00B633FB /* CreatePostView.swift */ = {isa = PBXFileReference; lastKnownFileType = sourcecode.swift; path = CreatePostView.swift; sourceTree = "<group>"; };
		4528556129B1AED800F088CD /* AuthenticationViewModel.swift */ = {isa = PBXFileReference; lastKnownFileType = sourcecode.swift; path = AuthenticationViewModel.swift; sourceTree = "<group>"; };
		452CB7992A030BDE001D8195 /* CustomButton.swift */ = {isa = PBXFileReference; lastKnownFileType = sourcecode.swift; path = CustomButton.swift; sourceTree = "<group>"; };
		452CB79B2A03F7FF001D8195 /* AccountPostRow.swift */ = {isa = PBXFileReference; lastKnownFileType = sourcecode.swift; path = AccountPostRow.swift; sourceTree = "<group>"; };
		453314052A23245800DEE73E /* CreateFoodView.swift */ = {isa = PBXFileReference; lastKnownFileType = sourcecode.swift; path = CreateFoodView.swift; sourceTree = "<group>"; };
		4543FE6029DB4A0C003B3CCC /* CustomTextFieldUI.swift */ = {isa = PBXFileReference; lastKnownFileType = sourcecode.swift; path = CustomTextFieldUI.swift; sourceTree = "<group>"; };
		4543FE6229DB4A24003B3CCC /* CustomTextField.swift */ = {isa = PBXFileReference; lastKnownFileType = sourcecode.swift; path = CustomTextField.swift; sourceTree = "<group>"; };
		455B2B232A317E0800136D6D /* AccountSearchBar.swift */ = {isa = PBXFileReference; lastKnownFileType = sourcecode.swift; path = AccountSearchBar.swift; sourceTree = "<group>"; };
		455C6E5629D7E72600446520 /* KobraViewModel.swift */ = {isa = PBXFileReference; lastKnownFileType = sourcecode.swift; path = KobraViewModel.swift; sourceTree = "<group>"; };
		455C6E5829D7E9B700446520 /* Post.swift */ = {isa = PBXFileReference; lastKnownFileType = sourcecode.swift; path = Post.swift; sourceTree = "<group>"; };
		456429EE29FAFB1D00BC5D8F /* FSChatManager.swift */ = {isa = PBXFileReference; lastKnownFileType = sourcecode.swift; path = FSChatManager.swift; sourceTree = "<group>"; };
		457D1F5029DF4D9B00EF722D /* ImagePicker.swift */ = {isa = PBXFileReference; lastKnownFileType = sourcecode.swift; path = ImagePicker.swift; sourceTree = "<group>"; };
		457EFD3829F8AECB006F53F2 /* DropDownMenu.swift */ = {isa = PBXFileReference; lastKnownFileType = sourcecode.swift; path = DropDownMenu.swift; sourceTree = "<group>"; };
		45895C082A1B25CB0022DF98 /* Food.swift */ = {isa = PBXFileReference; lastKnownFileType = sourcecode.swift; path = Food.swift; sourceTree = "<group>"; };
		45895C0A2A1B272F0022DF98 /* FoodRow.swift */ = {isa = PBXFileReference; lastKnownFileType = sourcecode.swift; path = FoodRow.swift; sourceTree = "<group>"; };
		459014472A2E2A6F00A778A6 /* AccountCell.swift */ = {isa = PBXFileReference; lastKnownFileType = sourcecode.swift; path = AccountCell.swift; sourceTree = "<group>"; };
		459014492A2E2C0100A778A6 /* AccountProfileView.swift */ = {isa = PBXFileReference; lastKnownFileType = sourcecode.swift; path = AccountProfileView.swift; sourceTree = "<group>"; };
		4591810129AECFD3000FB066 /* GoogleService-Info.plist */ = {isa = PBXFileReference; fileEncoding = 4; lastKnownFileType = text.plist.xml; path = "GoogleService-Info.plist"; sourceTree = "<group>"; };
		459246B12A2FE0FD00D564AE /* AccountProfileViewModel.swift */ = {isa = PBXFileReference; lastKnownFileType = sourcecode.swift; path = AccountProfileViewModel.swift; sourceTree = "<group>"; };
		4592E55A29BD35E900FF76E2 /* ChatView.swift */ = {isa = PBXFileReference; lastKnownFileType = sourcecode.swift; path = ChatView.swift; sourceTree = "<group>"; };
		4592E55C29BD361200FF76E2 /* ChatViewModel.swift */ = {isa = PBXFileReference; lastKnownFileType = sourcecode.swift; path = ChatViewModel.swift; sourceTree = "<group>"; };
		4594203E29AEEFF400A100F1 /* HomePageView.swift */ = {isa = PBXFileReference; lastKnownFileType = sourcecode.swift; path = HomePageView.swift; sourceTree = "<group>"; };
		4594204029AEF00500A100F1 /* HomePageViewModel.swift */ = {isa = PBXFileReference; lastKnownFileType = sourcecode.swift; path = HomePageViewModel.swift; sourceTree = "<group>"; };
		459B43772A169BAE0029D90B /* DiscoverView.swift */ = {isa = PBXFileReference; lastKnownFileType = sourcecode.swift; path = DiscoverView.swift; sourceTree = "<group>"; };
		459B43792A169BC20029D90B /* DiscoverViewModel.swift */ = {isa = PBXFileReference; lastKnownFileType = sourcecode.swift; path = DiscoverViewModel.swift; sourceTree = "<group>"; };
		459B437B2A16C2750029D90B /* GradientDropDownMenu.swift */ = {isa = PBXFileReference; lastKnownFileType = sourcecode.swift; path = GradientDropDownMenu.swift; sourceTree = "<group>"; };
		459B438C2A16DD9A0029D90B /* en */ = {isa = PBXFileReference; lastKnownFileType = text.plist.strings; name = en; path = en.lproj/Localizable.strings; sourceTree = "<group>"; };
		459B439C2A17F4030029D90B /* zh-HK */ = {isa = PBXFileReference; lastKnownFileType = text.plist.strings; name = "zh-HK"; path = "zh-HK.lproj/Localizable.strings"; sourceTree = "<group>"; };
		459B439D2A17F4080029D90B /* fr */ = {isa = PBXFileReference; lastKnownFileType = text.plist.strings; name = fr; path = fr.lproj/Localizable.strings; sourceTree = "<group>"; };
		459B439E2A17F40B0029D90B /* es */ = {isa = PBXFileReference; lastKnownFileType = text.plist.strings; name = es; path = es.lproj/Localizable.strings; sourceTree = "<group>"; };
		459BE6032A18032100625E53 /* FoodViewModel.swift */ = {isa = PBXFileReference; lastKnownFileType = sourcecode.swift; path = FoodViewModel.swift; sourceTree = "<group>"; };
		459BE6052A18033300625E53 /* FoodView.swift */ = {isa = PBXFileReference; lastKnownFileType = sourcecode.swift; path = FoodView.swift; sourceTree = "<group>"; };
		459BE6072A180F7600625E53 /* FSFoodManager.swift */ = {isa = PBXFileReference; lastKnownFileType = sourcecode.swift; path = FSFoodManager.swift; sourceTree = "<group>"; };
		45A908C829B034A300792FC2 /* Kobra.entitlements */ = {isa = PBXFileReference; lastKnownFileType = text.plist.entitlements; path = Kobra.entitlements; sourceTree = "<group>"; };
		45A908CA29B037FE00792FC2 /* FSAccountManager.swift */ = {isa = PBXFileReference; lastKnownFileType = sourcecode.swift; path = FSAccountManager.swift; sourceTree = "<group>"; };
		45A908CC29B0386400792FC2 /* Package.swift */ = {isa = PBXFileReference; lastKnownFileType = sourcecode.swift; path = Package.swift; sourceTree = "<group>"; };
		45AD933E29B130E900D153AF /* AccountViewModel.swift */ = {isa = PBXFileReference; lastKnownFileType = sourcecode.swift; path = AccountViewModel.swift; sourceTree = "<group>"; };
		45AD934029B130F600D153AF /* AccountView.swift */ = {isa = PBXFileReference; lastKnownFileType = sourcecode.swift; path = AccountView.swift; sourceTree = "<group>"; };
		45AD934229B1AAB800D153AF /* AuthenticationView.swift */ = {isa = PBXFileReference; lastKnownFileType = sourcecode.swift; path = AuthenticationView.swift; sourceTree = "<group>"; };
		45C7171B29C63ABE00679626 /* ChatMessage.swift */ = {isa = PBXFileReference; lastKnownFileType = sourcecode.swift; path = ChatMessage.swift; sourceTree = "<group>"; };
		45C7171D29C63AF700679626 /* InboxViewModel.swift */ = {isa = PBXFileReference; lastKnownFileType = sourcecode.swift; path = InboxViewModel.swift; sourceTree = "<group>"; };
		45C7171F29C63B0E00679626 /* InboxView.swift */ = {isa = PBXFileReference; lastKnownFileType = sourcecode.swift; path = InboxView.swift; sourceTree = "<group>"; };
		45C7172129C654DC00679626 /* FSInboxManager.swift */ = {isa = PBXFileReference; lastKnownFileType = sourcecode.swift; path = FSInboxManager.swift; sourceTree = "<group>"; };
		45CAAA2329DA7EF500BBD9FE /* SwipeableTabView.swift */ = {isa = PBXFileReference; lastKnownFileType = sourcecode.swift; path = SwipeableTabView.swift; sourceTree = "<group>"; };
		45CFE93529C04EF6003806D5 /* Chat.swift */ = {isa = PBXFileReference; lastKnownFileType = sourcecode.swift; path = Chat.swift; sourceTree = "<group>"; };
		45D5110229D0AB9100290720 /* SettingsView.swift */ = {isa = PBXFileReference; lastKnownFileType = sourcecode.swift; path = SettingsView.swift; sourceTree = "<group>"; };
		45D5110429D0ABAF00290720 /* KobraView.swift */ = {isa = PBXFileReference; lastKnownFileType = sourcecode.swift; path = KobraView.swift; sourceTree = "<group>"; };
		45E5ABD7299D8AC300DFFDC8 /* Kobra.app */ = {isa = PBXFileReference; explicitFileType = wrapper.application; includeInIndex = 0; path = Kobra.app; sourceTree = BUILT_PRODUCTS_DIR; };
		45E5ABDA299D8AC300DFFDC8 /* KobraApp.swift */ = {isa = PBXFileReference; lastKnownFileType = sourcecode.swift; path = KobraApp.swift; sourceTree = "<group>"; };
		45E5ABDE299D8AC500DFFDC8 /* Assets.xcassets */ = {isa = PBXFileReference; lastKnownFileType = folder.assetcatalog; path = Assets.xcassets; sourceTree = "<group>"; };
		45E5ABE1299D8AC500DFFDC8 /* Preview Assets.xcassets */ = {isa = PBXFileReference; lastKnownFileType = folder.assetcatalog; path = "Preview Assets.xcassets"; sourceTree = "<group>"; };
		45E98487299D8BFD00B3A56A /* Exo-Italic-VariableFont_wght.ttf */ = {isa = PBXFileReference; lastKnownFileType = file; path = "Exo-Italic-VariableFont_wght.ttf"; sourceTree = "<group>"; };
		45E98488299D8BFD00B3A56A /* Exo-VariableFont_wght.ttf */ = {isa = PBXFileReference; lastKnownFileType = file; path = "Exo-VariableFont_wght.ttf"; sourceTree = "<group>"; };
		45E98489299D8C1100B3A56A /* Info.plist */ = {isa = PBXFileReference; lastKnownFileType = text.plist; path = Info.plist; sourceTree = "<group>"; };
		45EA727E29B7B74C000FD738 /* PackageView.swift */ = {isa = PBXFileReference; lastKnownFileType = sourcecode.swift; path = PackageView.swift; sourceTree = "<group>"; };
		45EA728029B7BA5B000FD738 /* Account.swift */ = {isa = PBXFileReference; lastKnownFileType = sourcecode.swift; path = Account.swift; sourceTree = "<group>"; };
		45EC904B29B8217100E0A3A3 /* StorageManager.swift */ = {isa = PBXFileReference; lastKnownFileType = sourcecode.swift; path = StorageManager.swift; sourceTree = "<group>"; };
		45EC904F29B8360F00E0A3A3 /* PackageViewModel.swift */ = {isa = PBXFileReference; lastKnownFileType = sourcecode.swift; path = PackageViewModel.swift; sourceTree = "<group>"; };
		45EC905329B8475900E0A3A3 /* PackageWithImage.swift */ = {isa = PBXFileReference; lastKnownFileType = sourcecode.swift; path = PackageWithImage.swift; sourceTree = "<group>"; };
		7DB1B9B802468CF3E0175C93 /* Pods_Kobra.framework */ = {isa = PBXFileReference; explicitFileType = wrapper.framework; includeInIndex = 0; path = Pods_Kobra.framework; sourceTree = BUILT_PRODUCTS_DIR; };
/* End PBXFileReference section */

/* Begin PBXFrameworksBuildPhase section */
		45E5ABD4299D8AC300DFFDC8 /* Frameworks */ = {
			isa = PBXFrameworksBuildPhase;
			buildActionMask = 2147483647;
			files = (
				45EC905229B846BD00E0A3A3 /* FirebaseFirestoreSwift in Frameworks */,
				45EC904E29B826E800E0A3A3 /* FirebaseStorage in Frameworks */,
				459180FE29AECC63000FB066 /* FirebaseAuth in Frameworks */,
				4591810029AECC63000FB066 /* FirebaseFirestore in Frameworks */,
			);
			runOnlyForDeploymentPostprocessing = 0;
		};
/* End PBXFrameworksBuildPhase section */

/* Begin PBXGroup section */
		4543FE5F29DB499E003B3CCC /* CustomElements */ = {
			isa = PBXGroup;
			children = (
				4527837A29D8B2FB00B633FB /* PostRow.swift */,
				45CAAA2329DA7EF500BBD9FE /* SwipeableTabView.swift */,
				452430F929DAA0E40000B5AB /* SearchBar.swift */,
				4525CFC329DB407E005C0CE8 /* KobraPicker.swift */,
				4543FE6029DB4A0C003B3CCC /* CustomTextFieldUI.swift */,
				4543FE6229DB4A24003B3CCC /* CustomTextField.swift */,
				457D1F5029DF4D9B00EF722D /* ImagePicker.swift */,
				45074EE829E8681C0096C82A /* CommentRow.swift */,
				457EFD3829F8AECB006F53F2 /* DropDownMenu.swift */,
				451C33F32A0168A500259B86 /* gradientOptions.swift */,
				452CB7992A030BDE001D8195 /* CustomButton.swift */,
				452CB79B2A03F7FF001D8195 /* AccountPostRow.swift */,
				459B437B2A16C2750029D90B /* GradientDropDownMenu.swift */,
				45895C0A2A1B272F0022DF98 /* FoodRow.swift */,
				459014472A2E2A6F00A778A6 /* AccountCell.swift */,
				455B2B232A317E0800136D6D /* AccountSearchBar.swift */,
			);
			path = CustomElements;
			sourceTree = "<group>";
		};
		45A908C929B037EA00792FC2 /* Firebase */ = {
			isa = PBXGroup;
			children = (
				45A908CA29B037FE00792FC2 /* FSAccountManager.swift */,
				45EC904B29B8217100E0A3A3 /* StorageManager.swift */,
				45C7172129C654DC00679626 /* FSInboxManager.swift */,
				4527837829D8AB3D00B633FB /* FSPostManager.swift */,
				456429EE29FAFB1D00BC5D8F /* FSChatManager.swift */,
				459BE6072A180F7600625E53 /* FSFoodManager.swift */,
			);
			path = Firebase;
			sourceTree = "<group>";
		};
		45E5ABCE299D8AC300DFFDC8 = {
			isa = PBXGroup;
			children = (
				459B438D2A16DD9A0029D90B /* Localizable.strings */,
				4543FE5F29DB499E003B3CCC /* CustomElements */,
				45A908C929B037EA00792FC2 /* Firebase */,
				45E98486299D8BE600B3A56A /* Fonts */,
				45E98485299D8BB900B3A56A /* ViewModels */,
				45E98484299D8BAE00B3A56A /* Models */,
				45E5ABD9299D8AC300DFFDC8 /* Kobra */,
				45E5ABD8299D8AC300DFFDC8 /* Products */,
				6FEC5DEDE9A84101A8A15B16 /* Pods */,
				C89FB961F6155D9A030D9122 /* Frameworks */,
			);
			sourceTree = "<group>";
		};
		45E5ABD8299D8AC300DFFDC8 /* Products */ = {
			isa = PBXGroup;
			children = (
				45E5ABD7299D8AC300DFFDC8 /* Kobra.app */,
			);
			name = Products;
			sourceTree = "<group>";
		};
		45E5ABD9299D8AC300DFFDC8 /* Kobra */ = {
			isa = PBXGroup;
			children = (
				45E9848E299D909D00B3A56A /* Views */,
				45A908C829B034A300792FC2 /* Kobra.entitlements */,
				4591810129AECFD3000FB066 /* GoogleService-Info.plist */,
				45E98489299D8C1100B3A56A /* Info.plist */,
				45E5ABDA299D8AC300DFFDC8 /* KobraApp.swift */,
				45E5ABDE299D8AC500DFFDC8 /* Assets.xcassets */,
				45E5ABE0299D8AC500DFFDC8 /* Preview Content */,
			);
			path = Kobra;
			sourceTree = "<group>";
		};
		45E5ABE0299D8AC500DFFDC8 /* Preview Content */ = {
			isa = PBXGroup;
			children = (
				45E5ABE1299D8AC500DFFDC8 /* Preview Assets.xcassets */,
			);
			path = "Preview Content";
			sourceTree = "<group>";
		};
		45E98484299D8BAE00B3A56A /* Models */ = {
			isa = PBXGroup;
			children = (
				45A908CC29B0386400792FC2 /* Package.swift */,
				45EA728029B7BA5B000FD738 /* Account.swift */,
				45EC905329B8475900E0A3A3 /* PackageWithImage.swift */,
				45CFE93529C04EF6003806D5 /* Chat.swift */,
				45C7171B29C63ABE00679626 /* ChatMessage.swift */,
				455C6E5829D7E9B700446520 /* Post.swift */,
				45074EE629E866590096C82A /* Comment.swift */,
				45895C082A1B25CB0022DF98 /* Food.swift */,
			);
			path = Models;
			sourceTree = "<group>";
		};
		45E98485299D8BB900B3A56A /* ViewModels */ = {
			isa = PBXGroup;
			children = (
				4594204029AEF00500A100F1 /* HomePageViewModel.swift */,
				45AD933E29B130E900D153AF /* AccountViewModel.swift */,
				4528556129B1AED800F088CD /* AuthenticationViewModel.swift */,
				45EC904F29B8360F00E0A3A3 /* PackageViewModel.swift */,
				4592E55C29BD361200FF76E2 /* ChatViewModel.swift */,
				45C7171D29C63AF700679626 /* InboxViewModel.swift */,
				455C6E5629D7E72600446520 /* KobraViewModel.swift */,
				451C33F52A01691B00259B86 /* SettingsViewModel.swift */,
				459B43792A169BC20029D90B /* DiscoverViewModel.swift */,
				459BE6032A18032100625E53 /* FoodViewModel.swift */,
				459246B12A2FE0FD00D564AE /* AccountProfileViewModel.swift */,
			);
			path = ViewModels;
			sourceTree = "<group>";
		};
		45E98486299D8BE600B3A56A /* Fonts */ = {
			isa = PBXGroup;
			children = (
				45E98487299D8BFD00B3A56A /* Exo-Italic-VariableFont_wght.ttf */,
				45E98488299D8BFD00B3A56A /* Exo-VariableFont_wght.ttf */,
			);
			path = Fonts;
			sourceTree = "<group>";
		};
		45E9848E299D909D00B3A56A /* Views */ = {
			isa = PBXGroup;
			children = (
				4594203E29AEEFF400A100F1 /* HomePageView.swift */,
				45AD934029B130F600D153AF /* AccountView.swift */,
				45AD934229B1AAB800D153AF /* AuthenticationView.swift */,
				45EA727E29B7B74C000FD738 /* PackageView.swift */,
				4592E55A29BD35E900FF76E2 /* ChatView.swift */,
				45C7171F29C63B0E00679626 /* InboxView.swift */,
				45D5110229D0AB9100290720 /* SettingsView.swift */,
				45D5110429D0ABAF00290720 /* KobraView.swift */,
				4527837C29D8B56D00B633FB /* CreatePostView.swift */,
				45074EEA29E8699B0096C82A /* CommentView.swift */,
				451C33F92A0175FD00259B86 /* MainAppView.swift */,
				451C33FB2A0190F200259B86 /* ChangePasswordView.swift */,
				459B43772A169BAE0029D90B /* DiscoverView.swift */,
				459BE6052A18033300625E53 /* FoodView.swift */,
				453314052A23245800DEE73E /* CreateFoodView.swift */,
				459014492A2E2C0100A778A6 /* AccountProfileView.swift */,
			);
			path = Views;
			sourceTree = "<group>";
		};
		6FEC5DEDE9A84101A8A15B16 /* Pods */ = {
			isa = PBXGroup;
			children = (
				282C022F31C00540FC0513A8 /* Pods-Kobra.debug.xcconfig */,
				4416BB8B9604E5EFA9033790 /* Pods-Kobra.release.xcconfig */,
			);
			path = Pods;
			sourceTree = "<group>";
		};
		C89FB961F6155D9A030D9122 /* Frameworks */ = {
			isa = PBXGroup;
			children = (
				7DB1B9B802468CF3E0175C93 /* Pods_Kobra.framework */,
			);
			name = Frameworks;
			sourceTree = "<group>";
		};
/* End PBXGroup section */

/* Begin PBXNativeTarget section */
		45E5ABD6299D8AC300DFFDC8 /* Kobra */ = {
			isa = PBXNativeTarget;
			buildConfigurationList = 45E5ABE5299D8AC500DFFDC8 /* Build configuration list for PBXNativeTarget "Kobra" */;
			buildPhases = (
				78B0B05FF7A6A609D5C82993 /* [CP] Check Pods Manifest.lock */,
				45E5ABD3299D8AC300DFFDC8 /* Sources */,
				45E5ABD4299D8AC300DFFDC8 /* Frameworks */,
				45E5ABD5299D8AC300DFFDC8 /* Resources */,
				F2D366A93851B8110ADCF310 /* [CP] Embed Pods Frameworks */,
			);
			buildRules = (
			);
			dependencies = (
			);
			name = Kobra;
			packageProductDependencies = (
				459180FD29AECC63000FB066 /* FirebaseAuth */,
				459180FF29AECC63000FB066 /* FirebaseFirestore */,
				45EC904D29B826E800E0A3A3 /* FirebaseStorage */,
				45EC905129B846BD00E0A3A3 /* FirebaseFirestoreSwift */,
			);
			productName = Kobra;
			productReference = 45E5ABD7299D8AC300DFFDC8 /* Kobra.app */;
			productType = "com.apple.product-type.application";
		};
/* End PBXNativeTarget section */

/* Begin PBXProject section */
		45E5ABCF299D8AC300DFFDC8 /* Project object */ = {
			isa = PBXProject;
			attributes = {
				BuildIndependentTargetsInParallel = 1;
				LastSwiftUpdateCheck = 1420;
				LastUpgradeCheck = 1420;
				TargetAttributes = {
					45E5ABD6299D8AC300DFFDC8 = {
						CreatedOnToolsVersion = 14.2;
					};
				};
			};
			buildConfigurationList = 45E5ABD2299D8AC300DFFDC8 /* Build configuration list for PBXProject "Kobra" */;
			compatibilityVersion = "Xcode 14.0";
			developmentRegion = en;
			hasScannedForEncodings = 0;
			knownRegions = (
				en,
				Base,
				es,
				fr,
				"zh-HK",
			);
			mainGroup = 45E5ABCE299D8AC300DFFDC8;
			packageReferences = (
				459180FC29AECC63000FB066 /* XCRemoteSwiftPackageReference "firebase-ios-sdk" */,
			);
			productRefGroup = 45E5ABD8299D8AC300DFFDC8 /* Products */;
			projectDirPath = "";
			projectRoot = "";
			targets = (
				45E5ABD6299D8AC300DFFDC8 /* Kobra */,
			);
		};
/* End PBXProject section */

/* Begin PBXResourcesBuildPhase section */
		45E5ABD5299D8AC300DFFDC8 /* Resources */ = {
			isa = PBXResourcesBuildPhase;
			buildActionMask = 2147483647;
			files = (
				459B438B2A16DD9A0029D90B /* Localizable.strings in Resources */,
				45E5ABE2299D8AC500DFFDC8 /* Preview Assets.xcassets in Resources */,
				45E5ABDF299D8AC500DFFDC8 /* Assets.xcassets in Resources */,
				4591810229AECFD3000FB066 /* GoogleService-Info.plist in Resources */,
			);
			runOnlyForDeploymentPostprocessing = 0;
		};
/* End PBXResourcesBuildPhase section */

/* Begin PBXShellScriptBuildPhase section */
		78B0B05FF7A6A609D5C82993 /* [CP] Check Pods Manifest.lock */ = {
			isa = PBXShellScriptBuildPhase;
			buildActionMask = 2147483647;
			files = (
			);
			inputFileListPaths = (
			);
			inputPaths = (
				"${PODS_PODFILE_DIR_PATH}/Podfile.lock",
				"${PODS_ROOT}/Manifest.lock",
			);
			name = "[CP] Check Pods Manifest.lock";
			outputFileListPaths = (
			);
			outputPaths = (
				"$(DERIVED_FILE_DIR)/Pods-Kobra-checkManifestLockResult.txt",
			);
			runOnlyForDeploymentPostprocessing = 0;
			shellPath = /bin/sh;
			shellScript = "diff \"${PODS_PODFILE_DIR_PATH}/Podfile.lock\" \"${PODS_ROOT}/Manifest.lock\" > /dev/null\nif [ $? != 0 ] ; then\n    # print error to STDERR\n    echo \"error: The sandbox is not in sync with the Podfile.lock. Run 'pod install' or update your CocoaPods installation.\" >&2\n    exit 1\nfi\n# This output is used by Xcode 'outputs' to avoid re-running this script phase.\necho \"SUCCESS\" > \"${SCRIPT_OUTPUT_FILE_0}\"\n";
			showEnvVarsInLog = 0;
		};
		F2D366A93851B8110ADCF310 /* [CP] Embed Pods Frameworks */ = {
			isa = PBXShellScriptBuildPhase;
			buildActionMask = 2147483647;
			files = (
			);
			inputFileListPaths = (
				"${PODS_ROOT}/Target Support Files/Pods-Kobra/Pods-Kobra-frameworks-${CONFIGURATION}-input-files.xcfilelist",
			);
			name = "[CP] Embed Pods Frameworks";
			outputFileListPaths = (
				"${PODS_ROOT}/Target Support Files/Pods-Kobra/Pods-Kobra-frameworks-${CONFIGURATION}-output-files.xcfilelist",
			);
			runOnlyForDeploymentPostprocessing = 0;
			shellPath = /bin/sh;
			shellScript = "\"${PODS_ROOT}/Target Support Files/Pods-Kobra/Pods-Kobra-frameworks.sh\"\n";
			showEnvVarsInLog = 0;
		};
/* End PBXShellScriptBuildPhase section */

/* Begin PBXSourcesBuildPhase section */
		45E5ABD3299D8AC300DFFDC8 /* Sources */ = {
			isa = PBXSourcesBuildPhase;
			buildActionMask = 2147483647;
			files = (
				4525CFC429DB407E005C0CE8 /* KobraPicker.swift in Sources */,
				45EA728129B7BA5B000FD738 /* Account.swift in Sources */,
				45AD933F29B130E900D153AF /* AccountViewModel.swift in Sources */,
				45C7171C29C63ABE00679626 /* ChatMessage.swift in Sources */,
				459B437A2A169BC20029D90B /* DiscoverViewModel.swift in Sources */,
				4527837D29D8B56D00B633FB /* CreatePostView.swift in Sources */,
				459BE6062A18033300625E53 /* FoodView.swift in Sources */,
				457EFD3929F8AECB006F53F2 /* DropDownMenu.swift in Sources */,
				45074EE929E8681C0096C82A /* CommentRow.swift in Sources */,
				4594204129AEF00500A100F1 /* HomePageViewModel.swift in Sources */,
				457D1F5129DF4D9B00EF722D /* ImagePicker.swift in Sources */,
				4527837B29D8B2FB00B633FB /* PostRow.swift in Sources */,
				45AD934129B130F600D153AF /* AccountView.swift in Sources */,
				4592E55B29BD35E900FF76E2 /* ChatView.swift in Sources */,
				451C33F62A01691B00259B86 /* SettingsViewModel.swift in Sources */,
				45D5110329D0AB9100290720 /* SettingsView.swift in Sources */,
				45CAAA2429DA7EF500BBD9FE /* SwipeableTabView.swift in Sources */,
				4592E55D29BD361200FF76E2 /* ChatViewModel.swift in Sources */,
				45C7172029C63B0E00679626 /* InboxView.swift in Sources */,
				452430FA29DAA0E40000B5AB /* SearchBar.swift in Sources */,
				453314062A23245800DEE73E /* CreateFoodView.swift in Sources */,
				4594203F29AEEFF400A100F1 /* HomePageView.swift in Sources */,
				45EC905429B8475900E0A3A3 /* PackageWithImage.swift in Sources */,
				459B437C2A16C2750029D90B /* GradientDropDownMenu.swift in Sources */,
				45EC905029B8360F00E0A3A3 /* PackageViewModel.swift in Sources */,
				4528556229B1AED800F088CD /* AuthenticationViewModel.swift in Sources */,
				45EC904C29B8217100E0A3A3 /* StorageManager.swift in Sources */,
				45074EEB29E8699B0096C82A /* CommentView.swift in Sources */,
				4543FE6329DB4A24003B3CCC /* CustomTextField.swift in Sources */,
				451C33FC2A0190F200259B86 /* ChangePasswordView.swift in Sources */,
				452CB79C2A03F7FF001D8195 /* AccountPostRow.swift in Sources */,
				459B43782A169BAE0029D90B /* DiscoverView.swift in Sources */,
				45CFE93629C04EF6003806D5 /* Chat.swift in Sources */,
				45A908CB29B037FE00792FC2 /* FSAccountManager.swift in Sources */,
				45895C092A1B25CB0022DF98 /* Food.swift in Sources */,
				45895C0B2A1B27300022DF98 /* FoodRow.swift in Sources */,
				455B2B242A317E0800136D6D /* AccountSearchBar.swift in Sources */,
				451C33F42A0168A500259B86 /* gradientOptions.swift in Sources */,
				4527837929D8AB3D00B633FB /* FSPostManager.swift in Sources */,
				45AD934329B1AAB800D153AF /* AuthenticationView.swift in Sources */,
				45A908CD29B0386400792FC2 /* Package.swift in Sources */,
				459BE6082A180F7600625E53 /* FSFoodManager.swift in Sources */,
				456429EF29FAFB1D00BC5D8F /* FSChatManager.swift in Sources */,
				455C6E5929D7E9B700446520 /* Post.swift in Sources */,
				45EA727F29B7B74C000FD738 /* PackageView.swift in Sources */,
				4590144A2A2E2C0100A778A6 /* AccountProfileView.swift in Sources */,
				4543FE6129DB4A0C003B3CCC /* CustomTextFieldUI.swift in Sources */,
				45C7171E29C63AF700679626 /* InboxViewModel.swift in Sources */,
				459BE6042A18032100625E53 /* FoodViewModel.swift in Sources */,
				459246B22A2FE0FD00D564AE /* AccountProfileViewModel.swift in Sources */,
				45074EE729E866590096C82A /* Comment.swift in Sources */,
				451C33FA2A0175FD00259B86 /* MainAppView.swift in Sources */,
				45E5ABDB299D8AC300DFFDC8 /* KobraApp.swift in Sources */,
				452CB79A2A030BDE001D8195 /* CustomButton.swift in Sources */,
				45D5110529D0ABAF00290720 /* KobraView.swift in Sources */,
				455C6E5729D7E72600446520 /* KobraViewModel.swift in Sources */,
				459014482A2E2A6F00A778A6 /* AccountCell.swift in Sources */,
				45C7172229C654DC00679626 /* FSInboxManager.swift in Sources */,
			);
			runOnlyForDeploymentPostprocessing = 0;
		};
/* End PBXSourcesBuildPhase section */

/* Begin PBXVariantGroup section */
		459B438D2A16DD9A0029D90B /* Localizable.strings */ = {
			isa = PBXVariantGroup;
			children = (
				459B438C2A16DD9A0029D90B /* en */,
				459B439C2A17F4030029D90B /* zh-HK */,
				459B439D2A17F4080029D90B /* fr */,
				459B439E2A17F40B0029D90B /* es */,
			);
			name = Localizable.strings;
			sourceTree = "<group>";
		};
/* End PBXVariantGroup section */

/* Begin XCBuildConfiguration section */
		45E5ABE3299D8AC500DFFDC8 /* Debug */ = {
			isa = XCBuildConfiguration;
			buildSettings = {
				ALWAYS_SEARCH_USER_PATHS = YES;
				CLANG_ANALYZER_NONNULL = YES;
				CLANG_ANALYZER_NUMBER_OBJECT_CONVERSION = YES_AGGRESSIVE;
				CLANG_CXX_LANGUAGE_STANDARD = "gnu++20";
				CLANG_ENABLE_MODULES = YES;
				CLANG_ENABLE_OBJC_ARC = YES;
				CLANG_ENABLE_OBJC_WEAK = YES;
				CLANG_WARN_BLOCK_CAPTURE_AUTORELEASING = YES;
				CLANG_WARN_BOOL_CONVERSION = YES;
				CLANG_WARN_COMMA = YES;
				CLANG_WARN_CONSTANT_CONVERSION = YES;
				CLANG_WARN_DEPRECATED_OBJC_IMPLEMENTATIONS = YES;
				CLANG_WARN_DIRECT_OBJC_ISA_USAGE = YES_ERROR;
				CLANG_WARN_DOCUMENTATION_COMMENTS = YES;
				CLANG_WARN_EMPTY_BODY = YES;
				CLANG_WARN_ENUM_CONVERSION = YES;
				CLANG_WARN_INFINITE_RECURSION = YES;
				CLANG_WARN_INT_CONVERSION = YES;
				CLANG_WARN_NON_LITERAL_NULL_CONVERSION = YES;
				CLANG_WARN_OBJC_IMPLICIT_RETAIN_SELF = YES;
				CLANG_WARN_OBJC_LITERAL_CONVERSION = YES;
				CLANG_WARN_OBJC_ROOT_CLASS = YES_ERROR;
				CLANG_WARN_QUOTED_INCLUDE_IN_FRAMEWORK_HEADER = YES;
				CLANG_WARN_RANGE_LOOP_ANALYSIS = YES;
				CLANG_WARN_STRICT_PROTOTYPES = YES;
				CLANG_WARN_SUSPICIOUS_MOVE = YES;
				CLANG_WARN_UNGUARDED_AVAILABILITY = YES_AGGRESSIVE;
				CLANG_WARN_UNREACHABLE_CODE = YES;
				CLANG_WARN__DUPLICATE_METHOD_MATCH = YES;
				COPY_PHASE_STRIP = NO;
				DEBUG_INFORMATION_FORMAT = dwarf;
				ENABLE_STRICT_OBJC_MSGSEND = YES;
				ENABLE_TESTABILITY = YES;
				GCC_C_LANGUAGE_STANDARD = gnu11;
				GCC_DYNAMIC_NO_PIC = NO;
				GCC_NO_COMMON_BLOCKS = YES;
				GCC_OPTIMIZATION_LEVEL = 0;
				GCC_PREPROCESSOR_DEFINITIONS = (
					"DEBUG=1",
					"$(inherited)",
				);
				GCC_WARN_64_TO_32_BIT_CONVERSION = YES;
				GCC_WARN_ABOUT_RETURN_TYPE = YES_ERROR;
				GCC_WARN_UNDECLARED_SELECTOR = YES;
				GCC_WARN_UNINITIALIZED_AUTOS = YES_AGGRESSIVE;
				GCC_WARN_UNUSED_FUNCTION = YES;
				GCC_WARN_UNUSED_VARIABLE = YES;
				IPHONEOS_DEPLOYMENT_TARGET = 16.4;
				MTL_ENABLE_DEBUG_INFO = INCLUDE_SOURCE;
				MTL_FAST_MATH = YES;
				ONLY_ACTIVE_ARCH = YES;
				SDKROOT = iphoneos;
				SWIFT_ACTIVE_COMPILATION_CONDITIONS = DEBUG;
				SWIFT_OPTIMIZATION_LEVEL = "-Onone";
			};
			name = Debug;
		};
		45E5ABE4299D8AC500DFFDC8 /* Release */ = {
			isa = XCBuildConfiguration;
			buildSettings = {
				ALWAYS_SEARCH_USER_PATHS = YES;
				CLANG_ANALYZER_NONNULL = YES;
				CLANG_ANALYZER_NUMBER_OBJECT_CONVERSION = YES_AGGRESSIVE;
				CLANG_CXX_LANGUAGE_STANDARD = "gnu++20";
				CLANG_ENABLE_MODULES = YES;
				CLANG_ENABLE_OBJC_ARC = YES;
				CLANG_ENABLE_OBJC_WEAK = YES;
				CLANG_WARN_BLOCK_CAPTURE_AUTORELEASING = YES;
				CLANG_WARN_BOOL_CONVERSION = YES;
				CLANG_WARN_COMMA = YES;
				CLANG_WARN_CONSTANT_CONVERSION = YES;
				CLANG_WARN_DEPRECATED_OBJC_IMPLEMENTATIONS = YES;
				CLANG_WARN_DIRECT_OBJC_ISA_USAGE = YES_ERROR;
				CLANG_WARN_DOCUMENTATION_COMMENTS = YES;
				CLANG_WARN_EMPTY_BODY = YES;
				CLANG_WARN_ENUM_CONVERSION = YES;
				CLANG_WARN_INFINITE_RECURSION = YES;
				CLANG_WARN_INT_CONVERSION = YES;
				CLANG_WARN_NON_LITERAL_NULL_CONVERSION = YES;
				CLANG_WARN_OBJC_IMPLICIT_RETAIN_SELF = YES;
				CLANG_WARN_OBJC_LITERAL_CONVERSION = YES;
				CLANG_WARN_OBJC_ROOT_CLASS = YES_ERROR;
				CLANG_WARN_QUOTED_INCLUDE_IN_FRAMEWORK_HEADER = YES;
				CLANG_WARN_RANGE_LOOP_ANALYSIS = YES;
				CLANG_WARN_STRICT_PROTOTYPES = YES;
				CLANG_WARN_SUSPICIOUS_MOVE = YES;
				CLANG_WARN_UNGUARDED_AVAILABILITY = YES_AGGRESSIVE;
				CLANG_WARN_UNREACHABLE_CODE = YES;
				CLANG_WARN__DUPLICATE_METHOD_MATCH = YES;
				COPY_PHASE_STRIP = NO;
				DEBUG_INFORMATION_FORMAT = "dwarf-with-dsym";
				ENABLE_NS_ASSERTIONS = NO;
				ENABLE_STRICT_OBJC_MSGSEND = YES;
				GCC_C_LANGUAGE_STANDARD = gnu11;
				GCC_NO_COMMON_BLOCKS = YES;
				GCC_WARN_64_TO_32_BIT_CONVERSION = YES;
				GCC_WARN_ABOUT_RETURN_TYPE = YES_ERROR;
				GCC_WARN_UNDECLARED_SELECTOR = YES;
				GCC_WARN_UNINITIALIZED_AUTOS = YES_AGGRESSIVE;
				GCC_WARN_UNUSED_FUNCTION = YES;
				GCC_WARN_UNUSED_VARIABLE = YES;
				IPHONEOS_DEPLOYMENT_TARGET = 16.4;
				MTL_ENABLE_DEBUG_INFO = NO;
				MTL_FAST_MATH = YES;
				SDKROOT = iphoneos;
				SWIFT_COMPILATION_MODE = wholemodule;
				SWIFT_OPTIMIZATION_LEVEL = "-O";
				VALIDATE_PRODUCT = YES;
			};
			name = Release;
		};
		45E5ABE6299D8AC500DFFDC8 /* Debug */ = {
			isa = XCBuildConfiguration;
			baseConfigurationReference = 282C022F31C00540FC0513A8 /* Pods-Kobra.debug.xcconfig */;
			buildSettings = {
				ASSETCATALOG_COMPILER_APPICON_NAME = AppIcon;
				ASSETCATALOG_COMPILER_GLOBAL_ACCENT_COLOR_NAME = AccentColor;
				CODE_SIGN_ENTITLEMENTS = Kobra/Kobra.entitlements;
				CODE_SIGN_STYLE = Automatic;
				CURRENT_PROJECT_VERSION = 1;
				DEVELOPMENT_ASSET_PATHS = "\"Kobra/Preview Content\"";
				DEVELOPMENT_TEAM = R3X7JY5628;
				ENABLE_PREVIEWS = YES;
				GENERATE_INFOPLIST_FILE = YES;
				INFOPLIST_FILE = Kobra/Info.plist;
				INFOPLIST_KEY_CFBundleDisplayName = Kobra;
				INFOPLIST_KEY_LSApplicationCategoryType = "public.app-category.developer-tools";
				INFOPLIST_KEY_UIApplicationSceneManifest_Generation = YES;
				INFOPLIST_KEY_UIApplicationSupportsIndirectInputEvents = YES;
				INFOPLIST_KEY_UILaunchScreen_Generation = YES;
				INFOPLIST_KEY_UISupportedInterfaceOrientations = UIInterfaceOrientationPortrait;
				INFOPLIST_KEY_UISupportedInterfaceOrientations_iPad = "UIInterfaceOrientationLandscapeLeft UIInterfaceOrientationLandscapeRight UIInterfaceOrientationPortrait UIInterfaceOrientationPortraitUpsideDown";
				LD_RUNPATH_SEARCH_PATHS = (
					"$(inherited)",
					"@executable_path/Frameworks",
				);
				MARKETING_VERSION = 1.0;
				PRODUCT_BUNDLE_IDENTIFIER = "Spencer-Sliffe.Kobra";
				PRODUCT_NAME = "$(TARGET_NAME)";
				SWIFT_EMIT_LOC_STRINGS = YES;
				SWIFT_VERSION = 5.0;
				TARGETED_DEVICE_FAMILY = "1,2";
			};
			name = Debug;
		};
		45E5ABE7299D8AC500DFFDC8 /* Release */ = {
			isa = XCBuildConfiguration;
			baseConfigurationReference = 4416BB8B9604E5EFA9033790 /* Pods-Kobra.release.xcconfig */;
			buildSettings = {
				ASSETCATALOG_COMPILER_APPICON_NAME = AppIcon;
				ASSETCATALOG_COMPILER_GLOBAL_ACCENT_COLOR_NAME = AccentColor;
				CODE_SIGN_ENTITLEMENTS = Kobra/Kobra.entitlements;
				CODE_SIGN_STYLE = Automatic;
				CURRENT_PROJECT_VERSION = 1;
				DEVELOPMENT_ASSET_PATHS = "\"Kobra/Preview Content\"";
				DEVELOPMENT_TEAM = R3X7JY5628;
				ENABLE_PREVIEWS = YES;
				GENERATE_INFOPLIST_FILE = YES;
				INFOPLIST_FILE = Kobra/Info.plist;
				INFOPLIST_KEY_CFBundleDisplayName = Kobra;
				INFOPLIST_KEY_LSApplicationCategoryType = "public.app-category.developer-tools";
				INFOPLIST_KEY_UIApplicationSceneManifest_Generation = YES;
				INFOPLIST_KEY_UIApplicationSupportsIndirectInputEvents = YES;
				INFOPLIST_KEY_UILaunchScreen_Generation = YES;
				INFOPLIST_KEY_UISupportedInterfaceOrientations = UIInterfaceOrientationPortrait;
				INFOPLIST_KEY_UISupportedInterfaceOrientations_iPad = "UIInterfaceOrientationLandscapeLeft UIInterfaceOrientationLandscapeRight UIInterfaceOrientationPortrait UIInterfaceOrientationPortraitUpsideDown";
				LD_RUNPATH_SEARCH_PATHS = (
					"$(inherited)",
					"@executable_path/Frameworks",
				);
				MARKETING_VERSION = 1.0;
				PRODUCT_BUNDLE_IDENTIFIER = "Spencer-Sliffe.Kobra";
				PRODUCT_NAME = "$(TARGET_NAME)";
				SWIFT_EMIT_LOC_STRINGS = YES;
				SWIFT_VERSION = 5.0;
				TARGETED_DEVICE_FAMILY = "1,2";
			};
			name = Release;
		};
/* End XCBuildConfiguration section */

/* Begin XCConfigurationList section */
		45E5ABD2299D8AC300DFFDC8 /* Build configuration list for PBXProject "Kobra" */ = {
			isa = XCConfigurationList;
			buildConfigurations = (
				45E5ABE3299D8AC500DFFDC8 /* Debug */,
				45E5ABE4299D8AC500DFFDC8 /* Release */,
			);
			defaultConfigurationIsVisible = 0;
			defaultConfigurationName = Release;
		};
		45E5ABE5299D8AC500DFFDC8 /* Build configuration list for PBXNativeTarget "Kobra" */ = {
			isa = XCConfigurationList;
			buildConfigurations = (
				45E5ABE6299D8AC500DFFDC8 /* Debug */,
				45E5ABE7299D8AC500DFFDC8 /* Release */,
			);
			defaultConfigurationIsVisible = 0;
			defaultConfigurationName = Release;
		};
/* End XCConfigurationList section */

/* Begin XCRemoteSwiftPackageReference section */
		459180FC29AECC63000FB066 /* XCRemoteSwiftPackageReference "firebase-ios-sdk" */ = {
			isa = XCRemoteSwiftPackageReference;
			repositoryURL = "https://github.com/firebase/firebase-ios-sdk.git";
			requirement = {
				kind = upToNextMajorVersion;
				minimumVersion = 9.0.0;
			};
		};
/* End XCRemoteSwiftPackageReference section */

/* Begin XCSwiftPackageProductDependency section */
		459180FD29AECC63000FB066 /* FirebaseAuth */ = {
			isa = XCSwiftPackageProductDependency;
			package = 459180FC29AECC63000FB066 /* XCRemoteSwiftPackageReference "firebase-ios-sdk" */;
			productName = FirebaseAuth;
		};
		459180FF29AECC63000FB066 /* FirebaseFirestore */ = {
			isa = XCSwiftPackageProductDependency;
			package = 459180FC29AECC63000FB066 /* XCRemoteSwiftPackageReference "firebase-ios-sdk" */;
			productName = FirebaseFirestore;
		};
		45EC904D29B826E800E0A3A3 /* FirebaseStorage */ = {
			isa = XCSwiftPackageProductDependency;
			package = 459180FC29AECC63000FB066 /* XCRemoteSwiftPackageReference "firebase-ios-sdk" */;
			productName = FirebaseStorage;
		};
		45EC905129B846BD00E0A3A3 /* FirebaseFirestoreSwift */ = {
			isa = XCSwiftPackageProductDependency;
			package = 459180FC29AECC63000FB066 /* XCRemoteSwiftPackageReference "firebase-ios-sdk" */;
			productName = FirebaseFirestoreSwift;
		};
/* End XCSwiftPackageProductDependency section */
	};
	rootObject = 45E5ABCF299D8AC300DFFDC8 /* Project object */;
}
