// !$*UTF8*$!
{
	archiveVersion = 1;
	classes = {
	};
	objectVersion = 56;
	objects = {

/* Begin PBXBuildFile section */
		45A34163299EE27200F164CE /* AuthHttpRouter.swift in Sources */ = {isa = PBXBuildFile; fileRef = 45A34162299EE27200F164CE /* AuthHttpRouter.swift */; };
		45A34165299EE28200F164CE /* AuthHttpService.swift in Sources */ = {isa = PBXBuildFile; fileRef = 45A34164299EE28200F164CE /* AuthHttpService.swift */; };
		45A34167299EE47200F164CE /* AuthModel.swift in Sources */ = {isa = PBXBuildFile; fileRef = 45A34166299EE47200F164CE /* AuthModel.swift */; };
		45A34169299EE54000F164CE /* HttpRouter.swift in Sources */ = {isa = PBXBuildFile; fileRef = 45A34168299EE54000F164CE /* HttpRouter.swift */; };
		45A3416B299EE5A800F164CE /* HttpService.swift in Sources */ = {isa = PBXBuildFile; fileRef = 45A3416A299EE5A800F164CE /* HttpService.swift */; };
		45E5ABDB299D8AC300DFFDC8 /* KobraApp.swift in Sources */ = {isa = PBXBuildFile; fileRef = 45E5ABDA299D8AC300DFFDC8 /* KobraApp.swift */; };
		45E5ABDD299D8AC300DFFDC8 /* SignUpView.swift in Sources */ = {isa = PBXBuildFile; fileRef = 45E5ABDC299D8AC300DFFDC8 /* SignUpView.swift */; };
		45E5ABDF299D8AC500DFFDC8 /* Assets.xcassets in Resources */ = {isa = PBXBuildFile; fileRef = 45E5ABDE299D8AC500DFFDC8 /* Assets.xcassets */; };
		45E5ABE2299D8AC500DFFDC8 /* Preview Assets.xcassets in Resources */ = {isa = PBXBuildFile; fileRef = 45E5ABE1299D8AC500DFFDC8 /* Preview Assets.xcassets */; };
		45E9848B299D8C6B00B3A56A /* SignUpViewModel.swift in Sources */ = {isa = PBXBuildFile; fileRef = 45E9848A299D8C6B00B3A56A /* SignUpViewModel.swift */; };
		45E9848D299D8C7700B3A56A /* ColorCodes.swift in Sources */ = {isa = PBXBuildFile; fileRef = 45E9848C299D8C7700B3A56A /* ColorCodes.swift */; };
		9C2EDBE2FC9B2C688571E1EC /* Pods_Kobra.framework in Frameworks */ = {isa = PBXBuildFile; fileRef = 7DB1B9B802468CF3E0175C93 /* Pods_Kobra.framework */; };
/* End PBXBuildFile section */

/* Begin PBXFileReference section */
		282C022F31C00540FC0513A8 /* Pods-Kobra.debug.xcconfig */ = {isa = PBXFileReference; includeInIndex = 1; lastKnownFileType = text.xcconfig; name = "Pods-Kobra.debug.xcconfig"; path = "Target Support Files/Pods-Kobra/Pods-Kobra.debug.xcconfig"; sourceTree = "<group>"; };
		4416BB8B9604E5EFA9033790 /* Pods-Kobra.release.xcconfig */ = {isa = PBXFileReference; includeInIndex = 1; lastKnownFileType = text.xcconfig; name = "Pods-Kobra.release.xcconfig"; path = "Target Support Files/Pods-Kobra/Pods-Kobra.release.xcconfig"; sourceTree = "<group>"; };
		45A34162299EE27200F164CE /* AuthHttpRouter.swift */ = {isa = PBXFileReference; lastKnownFileType = sourcecode.swift; path = AuthHttpRouter.swift; sourceTree = "<group>"; };
		45A34164299EE28200F164CE /* AuthHttpService.swift */ = {isa = PBXFileReference; lastKnownFileType = sourcecode.swift; path = AuthHttpService.swift; sourceTree = "<group>"; };
		45A34166299EE47200F164CE /* AuthModel.swift */ = {isa = PBXFileReference; lastKnownFileType = sourcecode.swift; path = AuthModel.swift; sourceTree = "<group>"; };
		45A34168299EE54000F164CE /* HttpRouter.swift */ = {isa = PBXFileReference; lastKnownFileType = sourcecode.swift; path = HttpRouter.swift; sourceTree = "<group>"; };
		45A3416A299EE5A800F164CE /* HttpService.swift */ = {isa = PBXFileReference; lastKnownFileType = sourcecode.swift; path = HttpService.swift; sourceTree = "<group>"; };
		45E5ABD7299D8AC300DFFDC8 /* Kobra.app */ = {isa = PBXFileReference; explicitFileType = wrapper.application; includeInIndex = 0; path = Kobra.app; sourceTree = BUILT_PRODUCTS_DIR; };
		45E5ABDA299D8AC300DFFDC8 /* KobraApp.swift */ = {isa = PBXFileReference; lastKnownFileType = sourcecode.swift; path = KobraApp.swift; sourceTree = "<group>"; };
		45E5ABDC299D8AC300DFFDC8 /* SignUpView.swift */ = {isa = PBXFileReference; lastKnownFileType = sourcecode.swift; path = SignUpView.swift; sourceTree = "<group>"; };
		45E5ABDE299D8AC500DFFDC8 /* Assets.xcassets */ = {isa = PBXFileReference; lastKnownFileType = folder.assetcatalog; path = Assets.xcassets; sourceTree = "<group>"; };
		45E5ABE1299D8AC500DFFDC8 /* Preview Assets.xcassets */ = {isa = PBXFileReference; lastKnownFileType = folder.assetcatalog; path = "Preview Assets.xcassets"; sourceTree = "<group>"; };
		45E98487299D8BFD00B3A56A /* Exo-Italic-VariableFont_wght.ttf */ = {isa = PBXFileReference; lastKnownFileType = file; path = "Exo-Italic-VariableFont_wght.ttf"; sourceTree = "<group>"; };
		45E98488299D8BFD00B3A56A /* Exo-VariableFont_wght.ttf */ = {isa = PBXFileReference; lastKnownFileType = file; path = "Exo-VariableFont_wght.ttf"; sourceTree = "<group>"; };
		45E98489299D8C1100B3A56A /* Info.plist */ = {isa = PBXFileReference; lastKnownFileType = text.plist; path = Info.plist; sourceTree = "<group>"; };
		45E9848A299D8C6B00B3A56A /* SignUpViewModel.swift */ = {isa = PBXFileReference; lastKnownFileType = sourcecode.swift; path = SignUpViewModel.swift; sourceTree = "<group>"; };
		45E9848C299D8C7700B3A56A /* ColorCodes.swift */ = {isa = PBXFileReference; lastKnownFileType = sourcecode.swift; path = ColorCodes.swift; sourceTree = "<group>"; };
		7DB1B9B802468CF3E0175C93 /* Pods_Kobra.framework */ = {isa = PBXFileReference; explicitFileType = wrapper.framework; includeInIndex = 0; path = Pods_Kobra.framework; sourceTree = BUILT_PRODUCTS_DIR; };
/* End PBXFileReference section */

/* Begin PBXFrameworksBuildPhase section */
		45E5ABD4299D8AC300DFFDC8 /* Frameworks */ = {
			isa = PBXFrameworksBuildPhase;
			buildActionMask = 2147483647;
			files = (
				9C2EDBE2FC9B2C688571E1EC /* Pods_Kobra.framework in Frameworks */,
			);
			runOnlyForDeploymentPostprocessing = 0;
		};
/* End PBXFrameworksBuildPhase section */

/* Begin PBXGroup section */
		45A34161299EE25700F164CE /* Service */ = {
			isa = PBXGroup;
			children = (
				45A34162299EE27200F164CE /* AuthHttpRouter.swift */,
				45A34164299EE28200F164CE /* AuthHttpService.swift */,
				45A34168299EE54000F164CE /* HttpRouter.swift */,
				45A3416A299EE5A800F164CE /* HttpService.swift */,
			);
			path = Service;
			sourceTree = "<group>";
		};
		45E5ABCE299D8AC300DFFDC8 = {
			isa = PBXGroup;
			children = (
				45A34161299EE25700F164CE /* Service */,
				45E98486299D8BE600B3A56A /* Fonts */,
				45E98485299D8BB900B3A56A /* ViewModels */,
				45E98484299D8BAE00B3A56A /* Models */,
				45E5ABD9299D8AC300DFFDC8 /* Kobra */,
				45E5ABD8299D8AC300DFFDC8 /* Products */,
				6FEC5DEDE9A84101A8A15B16 /* Pods */,
				C89FB961F6155D9A030D9122 /* Frameworks */,
			);
			sourceTree = "<group>";
		};
		45E5ABD8299D8AC300DFFDC8 /* Products */ = {
			isa = PBXGroup;
			children = (
				45E5ABD7299D8AC300DFFDC8 /* Kobra.app */,
			);
			name = Products;
			sourceTree = "<group>";
		};
		45E5ABD9299D8AC300DFFDC8 /* Kobra */ = {
			isa = PBXGroup;
			children = (
				45E9848E299D909D00B3A56A /* Views */,
				45E98489299D8C1100B3A56A /* Info.plist */,
				45E5ABDA299D8AC300DFFDC8 /* KobraApp.swift */,
				45E5ABDE299D8AC500DFFDC8 /* Assets.xcassets */,
				45E5ABE0299D8AC500DFFDC8 /* Preview Content */,
			);
			path = Kobra;
			sourceTree = "<group>";
		};
		45E5ABE0299D8AC500DFFDC8 /* Preview Content */ = {
			isa = PBXGroup;
			children = (
				45E5ABE1299D8AC500DFFDC8 /* Preview Assets.xcassets */,
			);
			path = "Preview Content";
			sourceTree = "<group>";
		};
		45E98484299D8BAE00B3A56A /* Models */ = {
			isa = PBXGroup;
			children = (
				45E9848C299D8C7700B3A56A /* ColorCodes.swift */,
				45A34166299EE47200F164CE /* AuthModel.swift */,
			);
			path = Models;
			sourceTree = "<group>";
		};
		45E98485299D8BB900B3A56A /* ViewModels */ = {
			isa = PBXGroup;
			children = (
				45E9848A299D8C6B00B3A56A /* SignUpViewModel.swift */,
			);
			path = ViewModels;
			sourceTree = "<group>";
		};
		45E98486299D8BE600B3A56A /* Fonts */ = {
			isa = PBXGroup;
			children = (
				45E98487299D8BFD00B3A56A /* Exo-Italic-VariableFont_wght.ttf */,
				45E98488299D8BFD00B3A56A /* Exo-VariableFont_wght.ttf */,
			);
			path = Fonts;
			sourceTree = "<group>";
		};
		45E9848E299D909D00B3A56A /* Views */ = {
			isa = PBXGroup;
			children = (
				45E5ABDC299D8AC300DFFDC8 /* SignUpView.swift */,
			);
			path = Views;
			sourceTree = "<group>";
		};
		6FEC5DEDE9A84101A8A15B16 /* Pods */ = {
			isa = PBXGroup;
			children = (
				282C022F31C00540FC0513A8 /* Pods-Kobra.debug.xcconfig */,
				4416BB8B9604E5EFA9033790 /* Pods-Kobra.release.xcconfig */,
			);
			path = Pods;
			sourceTree = "<group>";
		};
		C89FB961F6155D9A030D9122 /* Frameworks */ = {
			isa = PBXGroup;
			children = (
				7DB1B9B802468CF3E0175C93 /* Pods_Kobra.framework */,
			);
			name = Frameworks;
			sourceTree = "<group>";
		};
/* End PBXGroup section */

/* Begin PBXNativeTarget section */
		45E5ABD6299D8AC300DFFDC8 /* Kobra */ = {
			isa = PBXNativeTarget;
			buildConfigurationList = 45E5ABE5299D8AC500DFFDC8 /* Build configuration list for PBXNativeTarget "Kobra" */;
			buildPhases = (
				78B0B05FF7A6A609D5C82993 /* [CP] Check Pods Manifest.lock */,
				45E5ABD3299D8AC300DFFDC8 /* Sources */,
				45E5ABD4299D8AC300DFFDC8 /* Frameworks */,
				45E5ABD5299D8AC300DFFDC8 /* Resources */,
				F2D366A93851B8110ADCF310 /* [CP] Embed Pods Frameworks */,
			);
			buildRules = (
			);
			dependencies = (
			);
			name = Kobra;
			productName = Kobra;
			productReference = 45E5ABD7299D8AC300DFFDC8 /* Kobra.app */;
			productType = "com.apple.product-type.application";
		};
/* End PBXNativeTarget section */

/* Begin PBXProject section */
		45E5ABCF299D8AC300DFFDC8 /* Project object */ = {
			isa = PBXProject;
			attributes = {
				BuildIndependentTargetsInParallel = 1;
				LastSwiftUpdateCheck = 1420;
				LastUpgradeCheck = 1420;
				TargetAttributes = {
					45E5ABD6299D8AC300DFFDC8 = {
						CreatedOnToolsVersion = 14.2;
					};
				};
			};
			buildConfigurationList = 45E5ABD2299D8AC300DFFDC8 /* Build configuration list for PBXProject "Kobra" */;
			compatibilityVersion = "Xcode 14.0";
			developmentRegion = en;
			hasScannedForEncodings = 0;
			knownRegions = (
				en,
				Base,
			);
			mainGroup = 45E5ABCE299D8AC300DFFDC8;
			productRefGroup = 45E5ABD8299D8AC300DFFDC8 /* Products */;
			projectDirPath = "";
			projectRoot = "";
			targets = (
				45E5ABD6299D8AC300DFFDC8 /* Kobra */,
			);
		};
/* End PBXProject section */

/* Begin PBXResourcesBuildPhase section */
		45E5ABD5299D8AC300DFFDC8 /* Resources */ = {
			isa = PBXResourcesBuildPhase;
			buildActionMask = 2147483647;
			files = (
				45E5ABE2299D8AC500DFFDC8 /* Preview Assets.xcassets in Resources */,
				45E5ABDF299D8AC500DFFDC8 /* Assets.xcassets in Resources */,
			);
			runOnlyForDeploymentPostprocessing = 0;
		};
/* End PBXResourcesBuildPhase section */

/* Begin PBXShellScriptBuildPhase section */
		78B0B05FF7A6A609D5C82993 /* [CP] Check Pods Manifest.lock */ = {
			isa = PBXShellScriptBuildPhase;
			buildActionMask = 2147483647;
			files = (
			);
			inputFileListPaths = (
			);
			inputPaths = (
				"${PODS_PODFILE_DIR_PATH}/Podfile.lock",
				"${PODS_ROOT}/Manifest.lock",
			);
			name = "[CP] Check Pods Manifest.lock";
			outputFileListPaths = (
			);
			outputPaths = (
				"$(DERIVED_FILE_DIR)/Pods-Kobra-checkManifestLockResult.txt",
			);
			runOnlyForDeploymentPostprocessing = 0;
			shellPath = /bin/sh;
			shellScript = "diff \"${PODS_PODFILE_DIR_PATH}/Podfile.lock\" \"${PODS_ROOT}/Manifest.lock\" > /dev/null\nif [ $? != 0 ] ; then\n    # print error to STDERR\n    echo \"error: The sandbox is not in sync with the Podfile.lock. Run 'pod install' or update your CocoaPods installation.\" >&2\n    exit 1\nfi\n# This output is used by Xcode 'outputs' to avoid re-running this script phase.\necho \"SUCCESS\" > \"${SCRIPT_OUTPUT_FILE_0}\"\n";
			showEnvVarsInLog = 0;
		};
		F2D366A93851B8110ADCF310 /* [CP] Embed Pods Frameworks */ = {
			isa = PBXShellScriptBuildPhase;
			buildActionMask = 2147483647;
			files = (
			);
			inputFileListPaths = (
				"${PODS_ROOT}/Target Support Files/Pods-Kobra/Pods-Kobra-frameworks-${CONFIGURATION}-input-files.xcfilelist",
			);
			name = "[CP] Embed Pods Frameworks";
			outputFileListPaths = (
				"${PODS_ROOT}/Target Support Files/Pods-Kobra/Pods-Kobra-frameworks-${CONFIGURATION}-output-files.xcfilelist",
			);
			runOnlyForDeploymentPostprocessing = 0;
			shellPath = /bin/sh;
			shellScript = "\"${PODS_ROOT}/Target Support Files/Pods-Kobra/Pods-Kobra-frameworks.sh\"\n";
			showEnvVarsInLog = 0;
		};
/* End PBXShellScriptBuildPhase section */

/* Begin PBXSourcesBuildPhase section */
		45E5ABD3299D8AC300DFFDC8 /* Sources */ = {
			isa = PBXSourcesBuildPhase;
			buildActionMask = 2147483647;
			files = (
				45E9848D299D8C7700B3A56A /* ColorCodes.swift in Sources */,
				45A34165299EE28200F164CE /* AuthHttpService.swift in Sources */,
				45A34167299EE47200F164CE /* AuthModel.swift in Sources */,
				45E5ABDD299D8AC300DFFDC8 /* SignUpView.swift in Sources */,
				45A34169299EE54000F164CE /* HttpRouter.swift in Sources */,
				45A3416B299EE5A800F164CE /* HttpService.swift in Sources */,
				45A34163299EE27200F164CE /* AuthHttpRouter.swift in Sources */,
				45E9848B299D8C6B00B3A56A /* SignUpViewModel.swift in Sources */,
				45E5ABDB299D8AC300DFFDC8 /* KobraApp.swift in Sources */,
			);
			runOnlyForDeploymentPostprocessing = 0;
		};
/* End PBXSourcesBuildPhase section */

/* Begin XCBuildConfiguration section */
		45E5ABE3299D8AC500DFFDC8 /* Debug */ = {
			isa = XCBuildConfiguration;
			buildSettings = {
				ALWAYS_SEARCH_USER_PATHS = NO;
				CLANG_ANALYZER_NONNULL = YES;
				CLANG_ANALYZER_NUMBER_OBJECT_CONVERSION = YES_AGGRESSIVE;
				CLANG_CXX_LANGUAGE_STANDARD = "gnu++20";
				CLANG_ENABLE_MODULES = YES;
				CLANG_ENABLE_OBJC_ARC = YES;
				CLANG_ENABLE_OBJC_WEAK = YES;
				CLANG_WARN_BLOCK_CAPTURE_AUTORELEASING = YES;
				CLANG_WARN_BOOL_CONVERSION = YES;
				CLANG_WARN_COMMA = YES;
				CLANG_WARN_CONSTANT_CONVERSION = YES;
				CLANG_WARN_DEPRECATED_OBJC_IMPLEMENTATIONS = YES;
				CLANG_WARN_DIRECT_OBJC_ISA_USAGE = YES_ERROR;
				CLANG_WARN_DOCUMENTATION_COMMENTS = YES;
				CLANG_WARN_EMPTY_BODY = YES;
				CLANG_WARN_ENUM_CONVERSION = YES;
				CLANG_WARN_INFINITE_RECURSION = YES;
				CLANG_WARN_INT_CONVERSION = YES;
				CLANG_WARN_NON_LITERAL_NULL_CONVERSION = YES;
				CLANG_WARN_OBJC_IMPLICIT_RETAIN_SELF = YES;
				CLANG_WARN_OBJC_LITERAL_CONVERSION = YES;
				CLANG_WARN_OBJC_ROOT_CLASS = YES_ERROR;
				CLANG_WARN_QUOTED_INCLUDE_IN_FRAMEWORK_HEADER = YES;
				CLANG_WARN_RANGE_LOOP_ANALYSIS = YES;
				CLANG_WARN_STRICT_PROTOTYPES = YES;
				CLANG_WARN_SUSPICIOUS_MOVE = YES;
				CLANG_WARN_UNGUARDED_AVAILABILITY = YES_AGGRESSIVE;
				CLANG_WARN_UNREACHABLE_CODE = YES;
				CLANG_WARN__DUPLICATE_METHOD_MATCH = YES;
				COPY_PHASE_STRIP = NO;
				DEBUG_INFORMATION_FORMAT = dwarf;
				ENABLE_STRICT_OBJC_MSGSEND = YES;
				ENABLE_TESTABILITY = YES;
				GCC_C_LANGUAGE_STANDARD = gnu11;
				GCC_DYNAMIC_NO_PIC = NO;
				GCC_NO_COMMON_BLOCKS = YES;
				GCC_OPTIMIZATION_LEVEL = 0;
				GCC_PREPROCESSOR_DEFINITIONS = (
					"DEBUG=1",
					"$(inherited)",
				);
				GCC_WARN_64_TO_32_BIT_CONVERSION = YES;
				GCC_WARN_ABOUT_RETURN_TYPE = YES_ERROR;
				GCC_WARN_UNDECLARED_SELECTOR = YES;
				GCC_WARN_UNINITIALIZED_AUTOS = YES_AGGRESSIVE;
				GCC_WARN_UNUSED_FUNCTION = YES;
				GCC_WARN_UNUSED_VARIABLE = YES;
				IPHONEOS_DEPLOYMENT_TARGET = 16.2;
				MTL_ENABLE_DEBUG_INFO = INCLUDE_SOURCE;
				MTL_FAST_MATH = YES;
				ONLY_ACTIVE_ARCH = YES;
				SDKROOT = iphoneos;
				SWIFT_ACTIVE_COMPILATION_CONDITIONS = DEBUG;
				SWIFT_OPTIMIZATION_LEVEL = "-Onone";
			};
			name = Debug;
		};
		45E5ABE4299D8AC500DFFDC8 /* Release */ = {
			isa = XCBuildConfiguration;
			buildSettings = {
				ALWAYS_SEARCH_USER_PATHS = NO;
				CLANG_ANALYZER_NONNULL = YES;
				CLANG_ANALYZER_NUMBER_OBJECT_CONVERSION = YES_AGGRESSIVE;
				CLANG_CXX_LANGUAGE_STANDARD = "gnu++20";
				CLANG_ENABLE_MODULES = YES;
				CLANG_ENABLE_OBJC_ARC = YES;
				CLANG_ENABLE_OBJC_WEAK = YES;
				CLANG_WARN_BLOCK_CAPTURE_AUTORELEASING = YES;
				CLANG_WARN_BOOL_CONVERSION = YES;
				CLANG_WARN_COMMA = YES;
				CLANG_WARN_CONSTANT_CONVERSION = YES;
				CLANG_WARN_DEPRECATED_OBJC_IMPLEMENTATIONS = YES;
				CLANG_WARN_DIRECT_OBJC_ISA_USAGE = YES_ERROR;
				CLANG_WARN_DOCUMENTATION_COMMENTS = YES;
				CLANG_WARN_EMPTY_BODY = YES;
				CLANG_WARN_ENUM_CONVERSION = YES;
				CLANG_WARN_INFINITE_RECURSION = YES;
				CLANG_WARN_INT_CONVERSION = YES;
				CLANG_WARN_NON_LITERAL_NULL_CONVERSION = YES;
				CLANG_WARN_OBJC_IMPLICIT_RETAIN_SELF = YES;
				CLANG_WARN_OBJC_LITERAL_CONVERSION = YES;
				CLANG_WARN_OBJC_ROOT_CLASS = YES_ERROR;
				CLANG_WARN_QUOTED_INCLUDE_IN_FRAMEWORK_HEADER = YES;
				CLANG_WARN_RANGE_LOOP_ANALYSIS = YES;
				CLANG_WARN_STRICT_PROTOTYPES = YES;
				CLANG_WARN_SUSPICIOUS_MOVE = YES;
				CLANG_WARN_UNGUARDED_AVAILABILITY = YES_AGGRESSIVE;
				CLANG_WARN_UNREACHABLE_CODE = YES;
				CLANG_WARN__DUPLICATE_METHOD_MATCH = YES;
				COPY_PHASE_STRIP = NO;
				DEBUG_INFORMATION_FORMAT = "dwarf-with-dsym";
				ENABLE_NS_ASSERTIONS = NO;
				ENABLE_STRICT_OBJC_MSGSEND = YES;
				GCC_C_LANGUAGE_STANDARD = gnu11;
				GCC_NO_COMMON_BLOCKS = YES;
				GCC_WARN_64_TO_32_BIT_CONVERSION = YES;
				GCC_WARN_ABOUT_RETURN_TYPE = YES_ERROR;
				GCC_WARN_UNDECLARED_SELECTOR = YES;
				GCC_WARN_UNINITIALIZED_AUTOS = YES_AGGRESSIVE;
				GCC_WARN_UNUSED_FUNCTION = YES;
				GCC_WARN_UNUSED_VARIABLE = YES;
				IPHONEOS_DEPLOYMENT_TARGET = 16.2;
				MTL_ENABLE_DEBUG_INFO = NO;
				MTL_FAST_MATH = YES;
				SDKROOT = iphoneos;
				SWIFT_COMPILATION_MODE = wholemodule;
				SWIFT_OPTIMIZATION_LEVEL = "-O";
				VALIDATE_PRODUCT = YES;
			};
			name = Release;
		};
		45E5ABE6299D8AC500DFFDC8 /* Debug */ = {
			isa = XCBuildConfiguration;
			baseConfigurationReference = 282C022F31C00540FC0513A8 /* Pods-Kobra.debug.xcconfig */;
			buildSettings = {
				ASSETCATALOG_COMPILER_APPICON_NAME = AppIcon;
				ASSETCATALOG_COMPILER_GLOBAL_ACCENT_COLOR_NAME = AccentColor;
				CODE_SIGN_STYLE = Automatic;
				CURRENT_PROJECT_VERSION = 1;
				DEVELOPMENT_ASSET_PATHS = "\"Kobra/Preview Content\"";
				ENABLE_PREVIEWS = YES;
				GENERATE_INFOPLIST_FILE = YES;
				INFOPLIST_FILE = Kobra/Info.plist;
				INFOPLIST_KEY_UIApplicationSceneManifest_Generation = YES;
				INFOPLIST_KEY_UIApplicationSupportsIndirectInputEvents = YES;
				INFOPLIST_KEY_UILaunchScreen_Generation = YES;
				INFOPLIST_KEY_UISupportedInterfaceOrientations_iPad = "UIInterfaceOrientationPortrait UIInterfaceOrientationPortraitUpsideDown UIInterfaceOrientationLandscapeLeft UIInterfaceOrientationLandscapeRight";
				INFOPLIST_KEY_UISupportedInterfaceOrientations_iPhone = "UIInterfaceOrientationPortrait UIInterfaceOrientationLandscapeLeft UIInterfaceOrientationLandscapeRight";
				LD_RUNPATH_SEARCH_PATHS = (
					"$(inherited)",
					"@executable_path/Frameworks",
				);
				MARKETING_VERSION = 1.0;
				PRODUCT_BUNDLE_IDENTIFIER = "Spencer-Sliffe.Kobra";
				PRODUCT_NAME = "$(TARGET_NAME)";
				SWIFT_EMIT_LOC_STRINGS = YES;
				SWIFT_VERSION = 5.0;
				TARGETED_DEVICE_FAMILY = "1,2";
			};
			name = Debug;
		};
		45E5ABE7299D8AC500DFFDC8 /* Release */ = {
			isa = XCBuildConfiguration;
			baseConfigurationReference = 4416BB8B9604E5EFA9033790 /* Pods-Kobra.release.xcconfig */;
			buildSettings = {
				ASSETCATALOG_COMPILER_APPICON_NAME = AppIcon;
				ASSETCATALOG_COMPILER_GLOBAL_ACCENT_COLOR_NAME = AccentColor;
				CODE_SIGN_STYLE = Automatic;
				CURRENT_PROJECT_VERSION = 1;
				DEVELOPMENT_ASSET_PATHS = "\"Kobra/Preview Content\"";
				ENABLE_PREVIEWS = YES;
				GENERATE_INFOPLIST_FILE = YES;
				INFOPLIST_FILE = Kobra/Info.plist;
				INFOPLIST_KEY_UIApplicationSceneManifest_Generation = YES;
				INFOPLIST_KEY_UIApplicationSupportsIndirectInputEvents = YES;
				INFOPLIST_KEY_UILaunchScreen_Generation = YES;
				INFOPLIST_KEY_UISupportedInterfaceOrientations_iPad = "UIInterfaceOrientationPortrait UIInterfaceOrientationPortraitUpsideDown UIInterfaceOrientationLandscapeLeft UIInterfaceOrientationLandscapeRight";
				INFOPLIST_KEY_UISupportedInterfaceOrientations_iPhone = "UIInterfaceOrientationPortrait UIInterfaceOrientationLandscapeLeft UIInterfaceOrientationLandscapeRight";
				LD_RUNPATH_SEARCH_PATHS = (
					"$(inherited)",
					"@executable_path/Frameworks",
				);
				MARKETING_VERSION = 1.0;
				PRODUCT_BUNDLE_IDENTIFIER = "Spencer-Sliffe.Kobra";
				PRODUCT_NAME = "$(TARGET_NAME)";
				SWIFT_EMIT_LOC_STRINGS = YES;
				SWIFT_VERSION = 5.0;
				TARGETED_DEVICE_FAMILY = "1,2";
			};
			name = Release;
		};
/* End XCBuildConfiguration section */

/* Begin XCConfigurationList section */
		45E5ABD2299D8AC300DFFDC8 /* Build configuration list for PBXProject "Kobra" */ = {
			isa = XCConfigurationList;
			buildConfigurations = (
				45E5ABE3299D8AC500DFFDC8 /* Debug */,
				45E5ABE4299D8AC500DFFDC8 /* Release */,
			);
			defaultConfigurationIsVisible = 0;
			defaultConfigurationName = Release;
		};
		45E5ABE5299D8AC500DFFDC8 /* Build configuration list for PBXNativeTarget "Kobra" */ = {
			isa = XCConfigurationList;
			buildConfigurations = (
				45E5ABE6299D8AC500DFFDC8 /* Debug */,
				45E5ABE7299D8AC500DFFDC8 /* Release */,
			);
			defaultConfigurationIsVisible = 0;
			defaultConfigurationName = Release;
		};
/* End XCConfigurationList section */
	};
	rootObject = 45E5ABCF299D8AC300DFFDC8 /* Project object */;
}
